
Microsoft Visual Studio Solution File, Format Version 12.00
# Visual Studio Version 17
VisualStudioVersion = 17.4.33205.214
MinimumVisualStudioVersion = 10.0.40219.1
Project("{FAE04EC0-301F-11D3-BF4B-00C04F79EFBC}") = "OfficeTracker", "El-Market\OfficeTracker.csproj", "{B44515D7-CECD-429D-B517-DEE3F975A4DA}"
EndProject
Global
	GlobalSection(SolutionConfigurationPlatforms) = preSolution
		Debug|Any CPU = Debug|Any CPU
		Release|Any CPU = Release|Any CPU
	EndGlobalSection
	GlobalSection(ProjectConfigurationPlatforms) = postSolution
		{B44515D7-CECD-429D-B517-DEE3F975A4DA}.Debug|Any CPU.ActiveCfg = Debug|Any CPU
		{B44515D7-CECD-429D-B517-DEE3F975A4DA}.Debug|Any CPU.Build.0 = Debug|Any CPU
		{B44515D7-CECD-429D-B517-DEE3F975A4DA}.Release|Any CPU.ActiveCfg = Release|Any CPU
		{B44515D7-CECD-429D-B517-DEE3F975A4DA}.Release|Any CPU.Build.0 = Release|Any CPU
	EndGlobalSection
	GlobalSection(SolutionProperties) = preSolution
		HideSolutionNode = FALSE
	EndGlobalSection
	GlobalSection(ExtensibilityGlobals) = postSolution
		SolutionGuid = {DC29A03A-0AF4-4AA6-9873-47152A757DE0}
	EndGlobalSection
EndGlobal
